
Microsoft Visual Studio Solution File, Format Version 12.00
# Visual Studio Version 16
VisualStudioVersion = 16.0.31515.178
MinimumVisualStudioVersion = 10.0.40219.1
Project("{9A19103F-16F7-4668-BE54-9A1E7A4F7556}") = "WordCounter.Web", "WordCounter.Web\WordCounter.Web.csproj", "{69B144AE-426F-4145-9E3B-1300D9F4E9C4}"
EndProject
Project("{FAE04EC0-301F-11D3-BF4B-00C04F79EFBC}") = "WordCounter.Web.Test", "WordCounter.Web.Test\WordCounter.Web.Test.csproj", "{DA57D86E-F468-4361-BE63-9A173ED05A34}"
EndProject
Global
	GlobalSection(SolutionConfigurationPlatforms) = preSolution
		Debug|Any CPU = Debug|Any CPU
		Release|Any CPU = Release|Any CPU
	EndGlobalSection
	GlobalSection(ProjectConfigurationPlatforms) = postSolution
		{69B144AE-426F-4145-9E3B-1300D9F4E9C4}.Debug|Any CPU.ActiveCfg = Debug|Any CPU
		{69B144AE-426F-4145-9E3B-1300D9F4E9C4}.Debug|Any CPU.Build.0 = Debug|Any CPU
		{69B144AE-426F-4145-9E3B-1300D9F4E9C4}.Release|Any CPU.ActiveCfg = Release|Any CPU
		{69B144AE-426F-4145-9E3B-1300D9F4E9C4}.Release|Any CPU.Build.0 = Release|Any CPU
		{DA57D86E-F468-4361-BE63-9A173ED05A34}.Debug|Any CPU.ActiveCfg = Debug|Any CPU
		{DA57D86E-F468-4361-BE63-9A173ED05A34}.Debug|Any CPU.Build.0 = Debug|Any CPU
		{DA57D86E-F468-4361-BE63-9A173ED05A34}.Release|Any CPU.ActiveCfg = Release|Any CPU
		{DA57D86E-F468-4361-BE63-9A173ED05A34}.Release|Any CPU.Build.0 = Release|Any CPU
	EndGlobalSection
	GlobalSection(SolutionProperties) = preSolution
		HideSolutionNode = FALSE
	EndGlobalSection
	GlobalSection(ExtensibilityGlobals) = postSolution
		SolutionGuid = {BD826CA9-67B3-4C02-93AD-ABDA8B5AF922}
	EndGlobalSection
EndGlobal
